// !$*UTF8*$!
{
	archiveVersion = 1;
	classes = {
	};
	objectVersion = 55;
	objects = {

/* Begin PBXBuildFile section */
		3E0DD31327134F470085F5E8 /* AppDelegate.swift in Sources */ = {isa = PBXBuildFile; fileRef = 3E0DD31227134F470085F5E8 /* AppDelegate.swift */; };
		3E0DD31527134F470085F5E8 /* ViewController.swift in Sources */ = {isa = PBXBuildFile; fileRef = 3E0DD31427134F470085F5E8 /* ViewController.swift */; };
		3E0DD31727134F480085F5E8 /* Assets.xcassets in Resources */ = {isa = PBXBuildFile; fileRef = 3E0DD31627134F480085F5E8 /* Assets.xcassets */; };
		3E0DD31A27134F480085F5E8 /* Main.storyboard in Resources */ = {isa = PBXBuildFile; fileRef = 3E0DD31827134F480085F5E8 /* Main.storyboard */; };
		3E0DD32527134F480085F5E8 /* TriangleTests.swift in Sources */ = {isa = PBXBuildFile; fileRef = 3E0DD32427134F480085F5E8 /* TriangleTests.swift */; };
		3E0DD32F27134F480085F5E8 /* DalbitSoft_AlgorithmTestUITests.swift in Sources */ = {isa = PBXBuildFile; fileRef = 3E0DD32E27134F480085F5E8 /* DalbitSoft_AlgorithmTestUITests.swift */; };
		3E0DD33127134F480085F5E8 /* DalbitSoft_AlgorithmTestUITestsLaunchTests.swift in Sources */ = {isa = PBXBuildFile; fileRef = 3E0DD33027134F480085F5E8 /* DalbitSoft_AlgorithmTestUITestsLaunchTests.swift */; };
		3E0DD341271350770085F5E8 /* Triangle.swift in Sources */ = {isa = PBXBuildFile; fileRef = 3E0DD33D27134F7E0085F5E8 /* Triangle.swift */; };
/* End PBXBuildFile section */

/* Begin PBXContainerItemProxy section */
		3E0DD32127134F480085F5E8 /* PBXContainerItemProxy */ = {
			isa = PBXContainerItemProxy;
			containerPortal = 3E0DD30727134F470085F5E8 /* Project object */;
			proxyType = 1;
			remoteGlobalIDString = 3E0DD30E27134F470085F5E8;
			remoteInfo = DalbitSoft_AlgorithmTest;
		};
		3E0DD32B27134F480085F5E8 /* PBXContainerItemProxy */ = {
			isa = PBXContainerItemProxy;
			containerPortal = 3E0DD30727134F470085F5E8 /* Project object */;
			proxyType = 1;
			remoteGlobalIDString = 3E0DD30E27134F470085F5E8;
			remoteInfo = DalbitSoft_AlgorithmTest;
		};
/* End PBXContainerItemProxy section */

/* Begin PBXFileReference section */
		3E0DD30F27134F470085F5E8 /* DalbitSoft_AlgorithmTest.app */ = {isa = PBXFileReference; explicitFileType = wrapper.application; includeInIndex = 0; path = DalbitSoft_AlgorithmTest.app; sourceTree = BUILT_PRODUCTS_DIR; };
		3E0DD31227134F470085F5E8 /* AppDelegate.swift */ = {isa = PBXFileReference; lastKnownFileType = sourcecode.swift; path = AppDelegate.swift; sourceTree = "<group>"; };
		3E0DD31427134F470085F5E8 /* ViewController.swift */ = {isa = PBXFileReference; lastKnownFileType = sourcecode.swift; path = ViewController.swift; sourceTree = "<group>"; };
		3E0DD31627134F480085F5E8 /* Assets.xcassets */ = {isa = PBXFileReference; lastKnownFileType = folder.assetcatalog; path = Assets.xcassets; sourceTree = "<group>"; };
		3E0DD31927134F480085F5E8 /* Base */ = {isa = PBXFileReference; lastKnownFileType = file.storyboard; name = Base; path = Base.lproj/Main.storyboard; sourceTree = "<group>"; };
		3E0DD31B27134F480085F5E8 /* DalbitSoft_AlgorithmTest.entitlements */ = {isa = PBXFileReference; lastKnownFileType = text.plist.entitlements; path = DalbitSoft_AlgorithmTest.entitlements; sourceTree = "<group>"; };
		3E0DD32027134F480085F5E8 /* DalbitSoft_AlgorithmTestTests.xctest */ = {isa = PBXFileReference; explicitFileType = wrapper.cfbundle; includeInIndex = 0; path = DalbitSoft_AlgorithmTestTests.xctest; sourceTree = BUILT_PRODUCTS_DIR; };
		3E0DD32427134F480085F5E8 /* TriangleTests.swift */ = {isa = PBXFileReference; lastKnownFileType = sourcecode.swift; path = TriangleTests.swift; sourceTree = "<group>"; };
		3E0DD32A27134F480085F5E8 /* DalbitSoft_AlgorithmTestUITests.xctest */ = {isa = PBXFileReference; explicitFileType = wrapper.cfbundle; includeInIndex = 0; path = DalbitSoft_AlgorithmTestUITests.xctest; sourceTree = BUILT_PRODUCTS_DIR; };
		3E0DD32E27134F480085F5E8 /* DalbitSoft_AlgorithmTestUITests.swift */ = {isa = PBXFileReference; lastKnownFileType = sourcecode.swift; path = DalbitSoft_AlgorithmTestUITests.swift; sourceTree = "<group>"; };
		3E0DD33027134F480085F5E8 /* DalbitSoft_AlgorithmTestUITestsLaunchTests.swift */ = {isa = PBXFileReference; lastKnownFileType = sourcecode.swift; path = DalbitSoft_AlgorithmTestUITestsLaunchTests.swift; sourceTree = "<group>"; };
		3E0DD33D27134F7E0085F5E8 /* Triangle.swift */ = {isa = PBXFileReference; lastKnownFileType = sourcecode.swift; path = Triangle.swift; sourceTree = "<group>"; };
/* End PBXFileReference section */

/* Begin PBXFrameworksBuildPhase section */
		3E0DD30C27134F470085F5E8 /* Frameworks */ = {
			isa = PBXFrameworksBuildPhase;
			buildActionMask = 2147483647;
			files = (
			);
			runOnlyForDeploymentPostprocessing = 0;
		};
		3E0DD31D27134F480085F5E8 /* Frameworks */ = {
			isa = PBXFrameworksBuildPhase;
			buildActionMask = 2147483647;
			files = (
			);
			runOnlyForDeploymentPostprocessing = 0;
		};
		3E0DD32727134F480085F5E8 /* Frameworks */ = {
			isa = PBXFrameworksBuildPhase;
			buildActionMask = 2147483647;
			files = (
			);
			runOnlyForDeploymentPostprocessing = 0;
		};
/* End PBXFrameworksBuildPhase section */

/* Begin PBXGroup section */
		3E0DD30627134F470085F5E8 = {
			isa = PBXGroup;
			children = (
				3E0DD31127134F470085F5E8 /* DalbitSoft_AlgorithmTest */,
				3E0DD32327134F480085F5E8 /* DalbitSoft_AlgorithmTestTests */,
				3E0DD32D27134F480085F5E8 /* DalbitSoft_AlgorithmTestUITests */,
				3E0DD31027134F470085F5E8 /* Products */,
			);
			sourceTree = "<group>";
		};
		3E0DD31027134F470085F5E8 /* Products */ = {
			isa = PBXGroup;
			children = (
				3E0DD30F27134F470085F5E8 /* DalbitSoft_AlgorithmTest.app */,
				3E0DD32027134F480085F5E8 /* DalbitSoft_AlgorithmTestTests.xctest */,
				3E0DD32A27134F480085F5E8 /* DalbitSoft_AlgorithmTestUITests.xctest */,
			);
			name = Products;
			sourceTree = "<group>";
		};
		3E0DD31127134F470085F5E8 /* DalbitSoft_AlgorithmTest */ = {
			isa = PBXGroup;
			children = (
				3E0DD33D27134F7E0085F5E8 /* Triangle.swift */,
				3E0DD31227134F470085F5E8 /* AppDelegate.swift */,
				3E0DD31427134F470085F5E8 /* ViewController.swift */,
				3E0DD31627134F480085F5E8 /* Assets.xcassets */,
				3E0DD31827134F480085F5E8 /* Main.storyboard */,
				3E0DD31B27134F480085F5E8 /* DalbitSoft_AlgorithmTest.entitlements */,
			);
			path = DalbitSoft_AlgorithmTest;
			sourceTree = "<group>";
		};
		3E0DD32327134F480085F5E8 /* DalbitSoft_AlgorithmTestTests */ = {
			isa = PBXGroup;
			children = (
				3E0DD32427134F480085F5E8 /* TriangleTests.swift */,
			);
			path = DalbitSoft_AlgorithmTestTests;
			sourceTree = "<group>";
		};
		3E0DD32D27134F480085F5E8 /* DalbitSoft_AlgorithmTestUITests */ = {
			isa = PBXGroup;
			children = (
				3E0DD32E27134F480085F5E8 /* DalbitSoft_AlgorithmTestUITests.swift */,
				3E0DD33027134F480085F5E8 /* DalbitSoft_AlgorithmTestUITestsLaunchTests.swift */,
			);
			path = DalbitSoft_AlgorithmTestUITests;
			sourceTree = "<group>";
		};
/* End PBXGroup section */

/* Begin PBXNativeTarget section */
		3E0DD30E27134F470085F5E8 /* DalbitSoft_AlgorithmTest */ = {
			isa = PBXNativeTarget;
			buildConfigurationList = 3E0DD33427134F480085F5E8 /* Build configuration list for PBXNativeTarget "DalbitSoft_AlgorithmTest" */;
			buildPhases = (
				3E0DD30B27134F470085F5E8 /* Sources */,
				3E0DD30C27134F470085F5E8 /* Frameworks */,
				3E0DD30D27134F470085F5E8 /* Resources */,
			);
			buildRules = (
			);
			dependencies = (
			);
			name = DalbitSoft_AlgorithmTest;
			productName = DalbitSoft_AlgorithmTest;
			productReference = 3E0DD30F27134F470085F5E8 /* DalbitSoft_AlgorithmTest.app */;
			productType = "com.apple.product-type.application";
		};
		3E0DD31F27134F480085F5E8 /* DalbitSoft_AlgorithmTestTests */ = {
			isa = PBXNativeTarget;
			buildConfigurationList = 3E0DD33727134F480085F5E8 /* Build configuration list for PBXNativeTarget "DalbitSoft_AlgorithmTestTests" */;
			buildPhases = (
				3E0DD31C27134F480085F5E8 /* Sources */,
				3E0DD31D27134F480085F5E8 /* Frameworks */,
				3E0DD31E27134F480085F5E8 /* Resources */,
			);
			buildRules = (
			);
			dependencies = (
				3E0DD32227134F480085F5E8 /* PBXTargetDependency */,
			);
			name = DalbitSoft_AlgorithmTestTests;
			productName = DalbitSoft_AlgorithmTestTests;
			productReference = 3E0DD32027134F480085F5E8 /* DalbitSoft_AlgorithmTestTests.xctest */;
			productType = "com.apple.product-type.bundle.unit-test";
		};
		3E0DD32927134F480085F5E8 /* DalbitSoft_AlgorithmTestUITests */ = {
			isa = PBXNativeTarget;
			buildConfigurationList = 3E0DD33A27134F480085F5E8 /* Build configuration list for PBXNativeTarget "DalbitSoft_AlgorithmTestUITests" */;
			buildPhases = (
				3E0DD32627134F480085F5E8 /* Sources */,
				3E0DD32727134F480085F5E8 /* Frameworks */,
				3E0DD32827134F480085F5E8 /* Resources */,
			);
			buildRules = (
			);
			dependencies = (
				3E0DD32C27134F480085F5E8 /* PBXTargetDependency */,
			);
			name = DalbitSoft_AlgorithmTestUITests;
			productName = DalbitSoft_AlgorithmTestUITests;
			productReference = 3E0DD32A27134F480085F5E8 /* DalbitSoft_AlgorithmTestUITests.xctest */;
			productType = "com.apple.product-type.bundle.ui-testing";
		};
/* End PBXNativeTarget section */

/* Begin PBXProject section */
		3E0DD30727134F470085F5E8 /* Project object */ = {
			isa = PBXProject;
			attributes = {
				BuildIndependentTargetsInParallel = 1;
				LastSwiftUpdateCheck = 1300;
				LastUpgradeCheck = 1300;
				TargetAttributes = {
					3E0DD30E27134F470085F5E8 = {
						CreatedOnToolsVersion = 13.0;
					};
					3E0DD31F27134F480085F5E8 = {
						CreatedOnToolsVersion = 13.0;
						TestTargetID = 3E0DD30E27134F470085F5E8;
					};
					3E0DD32927134F480085F5E8 = {
						CreatedOnToolsVersion = 13.0;
						TestTargetID = 3E0DD30E27134F470085F5E8;
					};
				};
			};
			buildConfigurationList = 3E0DD30A27134F470085F5E8 /* Build configuration list for PBXProject "DalbitSoft_AlgorithmTest" */;
			compatibilityVersion = "Xcode 13.0";
			developmentRegion = en;
			hasScannedForEncodings = 0;
			knownRegions = (
				en,
				Base,
			);
			mainGroup = 3E0DD30627134F470085F5E8;
			productRefGroup = 3E0DD31027134F470085F5E8 /* Products */;
			projectDirPath = "";
			projectRoot = "";
			targets = (
				3E0DD30E27134F470085F5E8 /* DalbitSoft_AlgorithmTest */,
				3E0DD31F27134F480085F5E8 /* DalbitSoft_AlgorithmTestTests */,
				3E0DD32927134F480085F5E8 /* DalbitSoft_AlgorithmTestUITests */,
			);
		};
/* End PBXProject section */

/* Begin PBXResourcesBuildPhase section */
		3E0DD30D27134F470085F5E8 /* Resources */ = {
			isa = PBXResourcesBuildPhase;
			buildActionMask = 2147483647;
			files = (
				3E0DD31727134F480085F5E8 /* Assets.xcassets in Resources */,
				3E0DD31A27134F480085F5E8 /* Main.storyboard in Resources */,
			);
			runOnlyForDeploymentPostprocessing = 0;
		};
		3E0DD31E27134F480085F5E8 /* Resources */ = {
			isa = PBXResourcesBuildPhase;
			buildActionMask = 2147483647;
			files = (
			);
			runOnlyForDeploymentPostprocessing = 0;
		};
		3E0DD32827134F480085F5E8 /* Resources */ = {
			isa = PBXResourcesBuildPhase;
			buildActionMask = 2147483647;
			files = (
			);
			runOnlyForDeploymentPostprocessing = 0;
		};
/* End PBXResourcesBuildPhase section */

/* Begin PBXSourcesBuildPhase section */
		3E0DD30B27134F470085F5E8 /* Sources */ = {
			isa = PBXSourcesBuildPhase;
			buildActionMask = 2147483647;
			files = (
				3E0DD341271350770085F5E8 /* Triangle.swift in Sources */,
				3E0DD31527134F470085F5E8 /* ViewController.swift in Sources */,
				3E0DD31327134F470085F5E8 /* AppDelegate.swift in Sources */,
			);
			runOnlyForDeploymentPostprocessing = 0;
		};
		3E0DD31C27134F480085F5E8 /* Sources */ = {
			isa = PBXSourcesBuildPhase;
			buildActionMask = 2147483647;
			files = (
				3E0DD32527134F480085F5E8 /* TriangleTests.swift in Sources */,
			);
			runOnlyForDeploymentPostprocessing = 0;
		};
		3E0DD32627134F480085F5E8 /* Sources */ = {
			isa = PBXSourcesBuildPhase;
			buildActionMask = 2147483647;
			files = (
				3E0DD33127134F480085F5E8 /* DalbitSoft_AlgorithmTestUITestsLaunchTests.swift in Sources */,
				3E0DD32F27134F480085F5E8 /* DalbitSoft_AlgorithmTestUITests.swift in Sources */,
			);
			runOnlyForDeploymentPostprocessing = 0;
		};
/* End PBXSourcesBuildPhase section */

/* Begin PBXTargetDependency section */
		3E0DD32227134F480085F5E8 /* PBXTargetDependency */ = {
			isa = PBXTargetDependency;
			target = 3E0DD30E27134F470085F5E8 /* DalbitSoft_AlgorithmTest */;
			targetProxy = 3E0DD32127134F480085F5E8 /* PBXContainerItemProxy */;
		};
		3E0DD32C27134F480085F5E8 /* PBXTargetDependency */ = {
			isa = PBXTargetDependency;
			target = 3E0DD30E27134F470085F5E8 /* DalbitSoft_AlgorithmTest */;
			targetProxy = 3E0DD32B27134F480085F5E8 /* PBXContainerItemProxy */;
		};
/* End PBXTargetDependency section */

/* Begin PBXVariantGroup section */
		3E0DD31827134F480085F5E8 /* Main.storyboard */ = {
			isa = PBXVariantGroup;
			children = (
				3E0DD31927134F480085F5E8 /* Base */,
			);
			name = Main.storyboard;
			sourceTree = "<group>";
		};
/* End PBXVariantGroup section */

/* Begin XCBuildConfiguration section */
		3E0DD33227134F480085F5E8 /* Debug */ = {
			isa = XCBuildConfiguration;
			buildSettings = {
				ALWAYS_SEARCH_USER_PATHS = NO;
				CLANG_ANALYZER_NONNULL = YES;
				CLANG_ANALYZER_NUMBER_OBJECT_CONVERSION = YES_AGGRESSIVE;
				CLANG_CXX_LANGUAGE_STANDARD = "gnu++17";
				CLANG_CXX_LIBRARY = "libc++";
				CLANG_ENABLE_MODULES = YES;
				CLANG_ENABLE_OBJC_ARC = YES;
				CLANG_ENABLE_OBJC_WEAK = YES;
				CLANG_WARN_BLOCK_CAPTURE_AUTORELEASING = YES;
				CLANG_WARN_BOOL_CONVERSION = YES;
				CLANG_WARN_COMMA = YES;
				CLANG_WARN_CONSTANT_CONVERSION = YES;
				CLANG_WARN_DEPRECATED_OBJC_IMPLEMENTATIONS = YES;
				CLANG_WARN_DIRECT_OBJC_ISA_USAGE = YES_ERROR;
				CLANG_WARN_DOCUMENTATION_COMMENTS = YES;
				CLANG_WARN_EMPTY_BODY = YES;
				CLANG_WARN_ENUM_CONVERSION = YES;
				CLANG_WARN_INFINITE_RECURSION = YES;
				CLANG_WARN_INT_CONVERSION = YES;
				CLANG_WARN_NON_LITERAL_NULL_CONVERSION = YES;
				CLANG_WARN_OBJC_IMPLICIT_RETAIN_SELF = YES;
				CLANG_WARN_OBJC_LITERAL_CONVERSION = YES;
				CLANG_WARN_OBJC_ROOT_CLASS = YES_ERROR;
				CLANG_WARN_QUOTED_INCLUDE_IN_FRAMEWORK_HEADER = YES;
				CLANG_WARN_RANGE_LOOP_ANALYSIS = YES;
				CLANG_WARN_STRICT_PROTOTYPES = YES;
				CLANG_WARN_SUSPICIOUS_MOVE = YES;
				CLANG_WARN_UNGUARDED_AVAILABILITY = YES_AGGRESSIVE;
				CLANG_WARN_UNREACHABLE_CODE = YES;
				CLANG_WARN__DUPLICATE_METHOD_MATCH = YES;
				COPY_PHASE_STRIP = NO;
				DEBUG_INFORMATION_FORMAT = dwarf;
				ENABLE_STRICT_OBJC_MSGSEND = YES;
				ENABLE_TESTABILITY = YES;
				GCC_C_LANGUAGE_STANDARD = gnu11;
				GCC_DYNAMIC_NO_PIC = NO;
				GCC_NO_COMMON_BLOCKS = YES;
				GCC_OPTIMIZATION_LEVEL = 0;
				GCC_PREPROCESSOR_DEFINITIONS = (
					"DEBUG=1",
					"$(inherited)",
				);
				GCC_WARN_64_TO_32_BIT_CONVERSION = YES;
				GCC_WARN_ABOUT_RETURN_TYPE = YES_ERROR;
				GCC_WARN_UNDECLARED_SELECTOR = YES;
				GCC_WARN_UNINITIALIZED_AUTOS = YES_AGGRESSIVE;
				GCC_WARN_UNUSED_FUNCTION = YES;
				GCC_WARN_UNUSED_VARIABLE = YES;
				MACOSX_DEPLOYMENT_TARGET = 11.3;
				MTL_ENABLE_DEBUG_INFO = INCLUDE_SOURCE;
				MTL_FAST_MATH = YES;
				ONLY_ACTIVE_ARCH = YES;
				SDKROOT = macosx;
				SWIFT_ACTIVE_COMPILATION_CONDITIONS = DEBUG;
				SWIFT_OPTIMIZATION_LEVEL = "-Onone";
			};
			name = Debug;
		};
		3E0DD33327134F480085F5E8 /* Release */ = {
			isa = XCBuildConfiguration;
			buildSettings = {
				ALWAYS_SEARCH_USER_PATHS = NO;
				CLANG_ANALYZER_NONNULL = YES;
				CLANG_ANALYZER_NUMBER_OBJECT_CONVERSION = YES_AGGRESSIVE;
				CLANG_CXX_LANGUAGE_STANDARD = "gnu++17";
				CLANG_CXX_LIBRARY = "libc++";
				CLANG_ENABLE_MODULES = YES;
				CLANG_ENABLE_OBJC_ARC = YES;
				CLANG_ENABLE_OBJC_WEAK = YES;
				CLANG_WARN_BLOCK_CAPTURE_AUTORELEASING = YES;
				CLANG_WARN_BOOL_CONVERSION = YES;
				CLANG_WARN_COMMA = YES;
				CLANG_WARN_CONSTANT_CONVERSION = YES;
				CLANG_WARN_DEPRECATED_OBJC_IMPLEMENTATIONS = YES;
				CLANG_WARN_DIRECT_OBJC_ISA_USAGE = YES_ERROR;
				CLANG_WARN_DOCUMENTATION_COMMENTS = YES;
				CLANG_WARN_EMPTY_BODY = YES;
				CLANG_WARN_ENUM_CONVERSION = YES;
				CLANG_WARN_INFINITE_RECURSION = YES;
				CLANG_WARN_INT_CONVERSION = YES;
				CLANG_WARN_NON_LITERAL_NULL_CONVERSION = YES;
				CLANG_WARN_OBJC_IMPLICIT_RETAIN_SELF = YES;
				CLANG_WARN_OBJC_LITERAL_CONVERSION = YES;
				CLANG_WARN_OBJC_ROOT_CLASS = YES_ERROR;
				CLANG_WARN_QUOTED_INCLUDE_IN_FRAMEWORK_HEADER = YES;
				CLANG_WARN_RANGE_LOOP_ANALYSIS = YES;
				CLANG_WARN_STRICT_PROTOTYPES = YES;
				CLANG_WARN_SUSPICIOUS_MOVE = YES;
				CLANG_WARN_UNGUARDED_AVAILABILITY = YES_AGGRESSIVE;
				CLANG_WARN_UNREACHABLE_CODE = YES;
				CLANG_WARN__DUPLICATE_METHOD_MATCH = YES;
				COPY_PHASE_STRIP = NO;
				DEBUG_INFORMATION_FORMAT = "dwarf-with-dsym";
				ENABLE_NS_ASSERTIONS = NO;
				ENABLE_STRICT_OBJC_MSGSEND = YES;
				GCC_C_LANGUAGE_STANDARD = gnu11;
				GCC_NO_COMMON_BLOCKS = YES;
				GCC_WARN_64_TO_32_BIT_CONVERSION = YES;
				GCC_WARN_ABOUT_RETURN_TYPE = YES_ERROR;
				GCC_WARN_UNDECLARED_SELECTOR = YES;
				GCC_WARN_UNINITIALIZED_AUTOS = YES_AGGRESSIVE;
				GCC_WARN_UNUSED_FUNCTION = YES;
				GCC_WARN_UNUSED_VARIABLE = YES;
				MACOSX_DEPLOYMENT_TARGET = 11.3;
				MTL_ENABLE_DEBUG_INFO = NO;
				MTL_FAST_MATH = YES;
				SDKROOT = macosx;
				SWIFT_COMPILATION_MODE = wholemodule;
				SWIFT_OPTIMIZATION_LEVEL = "-O";
			};
			name = Release;
		};
		3E0DD33527134F480085F5E8 /* Debug */ = {
			isa = XCBuildConfiguration;
			buildSettings = {
				ASSETCATALOG_COMPILER_APPICON_NAME = AppIcon;
				ASSETCATALOG_COMPILER_GLOBAL_ACCENT_COLOR_NAME = AccentColor;
				CODE_SIGN_ENTITLEMENTS = DalbitSoft_AlgorithmTest/DalbitSoft_AlgorithmTest.entitlements;
				CODE_SIGN_STYLE = Automatic;
				COMBINE_HIDPI_IMAGES = YES;
				CURRENT_PROJECT_VERSION = 1;
				DEVELOPMENT_TEAM = BR8CN8N4Y6;
				ENABLE_HARDENED_RUNTIME = YES;
				GENERATE_INFOPLIST_FILE = YES;
				INFOPLIST_KEY_NSHumanReadableCopyright = "";
				INFOPLIST_KEY_NSMainStoryboardFile = Main;
				INFOPLIST_KEY_NSPrincipalClass = NSApplication;
				LD_RUNPATH_SEARCH_PATHS = (
					"$(inherited)",
					"@executable_path/../Frameworks",
				);
				MARKETING_VERSION = 1.0;
				PRODUCT_BUNDLE_IDENTIFIER = "com.SeongMinK.DalbitSoft-AlgorithmTest";
				PRODUCT_NAME = "$(TARGET_NAME)";
				SWIFT_EMIT_LOC_STRINGS = YES;
				SWIFT_VERSION = 5.0;
			};
			name = Debug;
		};
		3E0DD33627134F480085F5E8 /* Release */ = {
			isa = XCBuildConfiguration;
			buildSettings = {
				ASSETCATALOG_COMPILER_APPICON_NAME = AppIcon;
				ASSETCATALOG_COMPILER_GLOBAL_ACCENT_COLOR_NAME = AccentColor;
				CODE_SIGN_ENTITLEMENTS = DalbitSoft_AlgorithmTest/DalbitSoft_AlgorithmTest.entitlements;
				CODE_SIGN_STYLE = Automatic;
				COMBINE_HIDPI_IMAGES = YES;
				CURRENT_PROJECT_VERSION = 1;
				DEVELOPMENT_TEAM = BR8CN8N4Y6;
				ENABLE_HARDENED_RUNTIME = YES;
				GENERATE_INFOPLIST_FILE = YES;
				INFOPLIST_KEY_NSHumanReadableCopyright = "";
				INFOPLIST_KEY_NSMainStoryboardFile = Main;
				INFOPLIST_KEY_NSPrincipalClass = NSApplication;
				LD_RUNPATH_SEARCH_PATHS = (
					"$(inherited)",
					"@executable_path/../Frameworks",
				);
				MARKETING_VERSION = 1.0;
				PRODUCT_BUNDLE_IDENTIFIER = "com.SeongMinK.DalbitSoft-AlgorithmTest";
				PRODUCT_NAME = "$(TARGET_NAME)";
				SWIFT_EMIT_LOC_STRINGS = YES;
				SWIFT_VERSION = 5.0;
			};
			name = Release;
		};
		3E0DD33827134F480085F5E8 /* Debug */ = {
			isa = XCBuildConfiguration;
			buildSettings = {
				ALWAYS_EMBED_SWIFT_STANDARD_LIBRARIES = YES;
				BUNDLE_LOADER = "$(TEST_HOST)";
				CODE_SIGN_STYLE = Automatic;
				COMBINE_HIDPI_IMAGES = YES;
				CURRENT_PROJECT_VERSION = 1;
				DEVELOPMENT_TEAM = BR8CN8N4Y6;
				GENERATE_INFOPLIST_FILE = YES;
				LD_RUNPATH_SEARCH_PATHS = (
					"$(inherited)",
					"@executable_path/../Frameworks",
					"@loader_path/../Frameworks",
				);
				MACOSX_DEPLOYMENT_TARGET = 11.3;
				MARKETING_VERSION = 1.0;
				PRODUCT_BUNDLE_IDENTIFIER = "com.SeongMinK.DalbitSoft-AlgorithmTestTests";
				PRODUCT_NAME = "$(TARGET_NAME)";
				SWIFT_EMIT_LOC_STRINGS = NO;
				SWIFT_VERSION = 5.0;
				TEST_HOST = "$(BUILT_PRODUCTS_DIR)/DalbitSoft_AlgorithmTest.app/Contents/MacOS/DalbitSoft_AlgorithmTest";
			};
			name = Debug;
		};
		3E0DD33927134F480085F5E8 /* Release */ = {
			isa = XCBuildConfiguration;
			buildSettings = {
				ALWAYS_EMBED_SWIFT_STANDARD_LIBRARIES = YES;
				BUNDLE_LOADER = "$(TEST_HOST)";
				CODE_SIGN_STYLE = Automatic;
				COMBINE_HIDPI_IMAGES = YES;
				CURRENT_PROJECT_VERSION = 1;
				DEVELOPMENT_TEAM = BR8CN8N4Y6;
				GENERATE_INFOPLIST_FILE = YES;
				LD_RUNPATH_SEARCH_PATHS = (
					"$(inherited)",
					"@executable_path/../Frameworks",
					"@loader_path/../Frameworks",
				);
				MACOSX_DEPLOYMENT_TARGET = 11.3;
				MARKETING_VERSION = 1.0;
				PRODUCT_BUNDLE_IDENTIFIER = "com.SeongMinK.DalbitSoft-AlgorithmTestTests";
				PRODUCT_NAME = "$(TARGET_NAME)";
				SWIFT_EMIT_LOC_STRINGS = NO;
				SWIFT_VERSION = 5.0;
				TEST_HOST = "$(BUILT_PRODUCTS_DIR)/DalbitSoft_AlgorithmTest.app/Contents/MacOS/DalbitSoft_AlgorithmTest";
			};
			name = Release;
		};
		3E0DD33B27134F480085F5E8 /* Debug */ = {
			isa = XCBuildConfiguration;
			buildSettings = {
				ALWAYS_EMBED_SWIFT_STANDARD_LIBRARIES = YES;
				CODE_SIGN_STYLE = Automatic;
				COMBINE_HIDPI_IMAGES = YES;
				CURRENT_PROJECT_VERSION = 1;
				DEVELOPMENT_TEAM = BR8CN8N4Y6;
				GENERATE_INFOPLIST_FILE = YES;
				LD_RUNPATH_SEARCH_PATHS = (
					"$(inherited)",
					"@executable_path/../Frameworks",
					"@loader_path/../Frameworks",
				);
				MARKETING_VERSION = 1.0;
				PRODUCT_BUNDLE_IDENTIFIER = "com.SeongMinK.DalbitSoft-AlgorithmTestUITests";
				PRODUCT_NAME = "$(TARGET_NAME)";
				SWIFT_EMIT_LOC_STRINGS = NO;
				SWIFT_VERSION = 5.0;
				TEST_TARGET_NAME = DalbitSoft_AlgorithmTest;
			};
			name = Debug;
		};
		3E0DD33C27134F480085F5E8 /* Release */ = {
			isa = XCBuildConfiguration;
			buildSettings = {
				ALWAYS_EMBED_SWIFT_STANDARD_LIBRARIES = YES;
				CODE_SIGN_STYLE = Automatic;
				COMBINE_HIDPI_IMAGES = YES;
				CURRENT_PROJECT_VERSION = 1;
				DEVELOPMENT_TEAM = BR8CN8N4Y6;
				GENERATE_INFOPLIST_FILE = YES;
				LD_RUNPATH_SEARCH_PATHS = (
					"$(inherited)",
					"@executable_path/../Frameworks",
					"@loader_path/../Frameworks",
				);
				MARKETING_VERSION = 1.0;
				PRODUCT_BUNDLE_IDENTIFIER = "com.SeongMinK.DalbitSoft-AlgorithmTestUITests";
				PRODUCT_NAME = "$(TARGET_NAME)";
				SWIFT_EMIT_LOC_STRINGS = NO;
				SWIFT_VERSION = 5.0;
				TEST_TARGET_NAME = DalbitSoft_AlgorithmTest;
			};
			name = Release;
		};
/* End XCBuildConfiguration section */

/* Begin XCConfigurationList section */
		3E0DD30A27134F470085F5E8 /* Build configuration list for PBXProject "DalbitSoft_AlgorithmTest" */ = {
			isa = XCConfigurationList;
			buildConfigurations = (
				3E0DD33227134F480085F5E8 /* Debug */,
				3E0DD33327134F480085F5E8 /* Release */,
			);
			defaultConfigurationIsVisible = 0;
			defaultConfigurationName = Release;
		};
		3E0DD33427134F480085F5E8 /* Build configuration list for PBXNativeTarget "DalbitSoft_AlgorithmTest" */ = {
			isa = XCConfigurationList;
			buildConfigurations = (
				3E0DD33527134F480085F5E8 /* Debug */,
				3E0DD33627134F480085F5E8 /* Release */,
			);
			defaultConfigurationIsVisible = 0;
			defaultConfigurationName = Release;
		};
		3E0DD33727134F480085F5E8 /* Build configuration list for PBXNativeTarget "DalbitSoft_AlgorithmTestTests" */ = {
			isa = XCConfigurationList;
			buildConfigurations = (
				3E0DD33827134F480085F5E8 /* Debug */,
				3E0DD33927134F480085F5E8 /* Release */,
			);
			defaultConfigurationIsVisible = 0;
			defaultConfigurationName = Release;
		};
		3E0DD33A27134F480085F5E8 /* Build configuration list for PBXNativeTarget "DalbitSoft_AlgorithmTestUITests" */ = {
			isa = XCConfigurationList;
			buildConfigurations = (
				3E0DD33B27134F480085F5E8 /* Debug */,
				3E0DD33C27134F480085F5E8 /* Release */,
			);
			defaultConfigurationIsVisible = 0;
			defaultConfigurationName = Release;
		};
/* End XCConfigurationList section */
	};
	rootObject = 3E0DD30727134F470085F5E8 /* Project object */;
}
